
Microsoft Visual Studio Solution File, Format Version 12.00
# Visual Studio Version 17
VisualStudioVersion = 17.12.35707.178 d17.12
MinimumVisualStudioVersion = 10.0.40219.1
Project("{FAE04EC0-301F-11D3-BF4B-00C04F79EFBC}") = "NetworkScanner", "NetworkScanner\NetworkScanner.csproj", "{B749EF08-3776-411F-8A83-107D5A90C426}"
EndProject
Global
	GlobalSection(SolutionConfigurationPlatforms) = preSolution
		Debug|Any CPU = Debug|Any CPU
		Release|Any CPU = Release|Any CPU
	EndGlobalSection
	GlobalSection(ProjectConfigurationPlatforms) = postSolution
		{B749EF08-3776-411F-8A83-107D5A90C426}.Debug|Any CPU.ActiveCfg = Debug|Any CPU
		{B749EF08-3776-411F-8A83-107D5A90C426}.Debug|Any CPU.Build.0 = Debug|Any CPU
		{B749EF08-3776-411F-8A83-107D5A90C426}.Release|Any CPU.ActiveCfg = Release|Any CPU
		{B749EF08-3776-411F-8A83-107D5A90C426}.Release|Any CPU.Build.0 = Release|Any CPU
	EndGlobalSection
	GlobalSection(SolutionProperties) = preSolution
		HideSolutionNode = FALSE
	EndGlobalSection
EndGlobal
