
Microsoft Visual Studio Solution File, Format Version 12.00
# Visual Studio Version 16
VisualStudioVersion = 16.0.31624.102
MinimumVisualStudioVersion = 10.0.40219.1
Project("{FAE04EC0-301F-11D3-BF4B-00C04F79EFBC}") = "atividade05-ex4", "atividade05-ex4\atividade05-ex4.csproj", "{BB7BA051-E570-485D-B38E-405876DB0C18}"
EndProject
Global
	GlobalSection(SolutionConfigurationPlatforms) = preSolution
		Debug|Any CPU = Debug|Any CPU
		Release|Any CPU = Release|Any CPU
	EndGlobalSection
	GlobalSection(ProjectConfigurationPlatforms) = postSolution
		{BB7BA051-E570-485D-B38E-405876DB0C18}.Debug|Any CPU.ActiveCfg = Debug|Any CPU
		{BB7BA051-E570-485D-B38E-405876DB0C18}.Debug|Any CPU.Build.0 = Debug|Any CPU
		{BB7BA051-E570-485D-B38E-405876DB0C18}.Release|Any CPU.ActiveCfg = Release|Any CPU
		{BB7BA051-E570-485D-B38E-405876DB0C18}.Release|Any CPU.Build.0 = Release|Any CPU
	EndGlobalSection
	GlobalSection(SolutionProperties) = preSolution
		HideSolutionNode = FALSE
	EndGlobalSection
	GlobalSection(ExtensibilityGlobals) = postSolution
		SolutionGuid = {487B1488-7505-420C-969E-FD11DC81D33B}
	EndGlobalSection
EndGlobal
