
Microsoft Visual Studio Solution File, Format Version 12.00
# Visual Studio Version 16
VisualStudioVersion = 16.0.31624.102
MinimumVisualStudioVersion = 10.0.40219.1
Project("{FAE04EC0-301F-11D3-BF4B-00C04F79EFBC}") = "Projeto3bi_3ano", "Projeto3bi_3ano\Projeto3bi_3ano.csproj", "{216E0896-16CB-4FAF-A596-BF3FF30C920D}"
EndProject
Global
	GlobalSection(SolutionConfigurationPlatforms) = preSolution
		Debug|Any CPU = Debug|Any CPU
		Release|Any CPU = Release|Any CPU
	EndGlobalSection
	GlobalSection(ProjectConfigurationPlatforms) = postSolution
		{216E0896-16CB-4FAF-A596-BF3FF30C920D}.Debug|Any CPU.ActiveCfg = Debug|Any CPU
		{216E0896-16CB-4FAF-A596-BF3FF30C920D}.Debug|Any CPU.Build.0 = Debug|Any CPU
		{216E0896-16CB-4FAF-A596-BF3FF30C920D}.Release|Any CPU.ActiveCfg = Release|Any CPU
		{216E0896-16CB-4FAF-A596-BF3FF30C920D}.Release|Any CPU.Build.0 = Release|Any CPU
	EndGlobalSection
	GlobalSection(SolutionProperties) = preSolution
		HideSolutionNode = FALSE
	EndGlobalSection
	GlobalSection(ExtensibilityGlobals) = postSolution
		SolutionGuid = {E36F8938-259F-4381-A6FD-4F4C14FDA848}
	EndGlobalSection
EndGlobal
