
Microsoft Visual Studio Solution File, Format Version 12.00
# Visual Studio Version 16
VisualStudioVersion = 16.0.31624.102
MinimumVisualStudioVersion = 10.0.40219.1
Project("{FAE04EC0-301F-11D3-BF4B-00C04F79EFBC}") = "atividade05-ex1e2parte2", "atividade05-ex1e2parte2\atividade05-ex1e2parte2.csproj", "{4ACBC782-DA1D-45E3-8C89-29F5221EA122}"
EndProject
Global
	GlobalSection(SolutionConfigurationPlatforms) = preSolution
		Debug|Any CPU = Debug|Any CPU
		Release|Any CPU = Release|Any CPU
	EndGlobalSection
	GlobalSection(ProjectConfigurationPlatforms) = postSolution
		{4ACBC782-DA1D-45E3-8C89-29F5221EA122}.Debug|Any CPU.ActiveCfg = Debug|Any CPU
		{4ACBC782-DA1D-45E3-8C89-29F5221EA122}.Debug|Any CPU.Build.0 = Debug|Any CPU
		{4ACBC782-DA1D-45E3-8C89-29F5221EA122}.Release|Any CPU.ActiveCfg = Release|Any CPU
		{4ACBC782-DA1D-45E3-8C89-29F5221EA122}.Release|Any CPU.Build.0 = Release|Any CPU
	EndGlobalSection
	GlobalSection(SolutionProperties) = preSolution
		HideSolutionNode = FALSE
	EndGlobalSection
	GlobalSection(ExtensibilityGlobals) = postSolution
		SolutionGuid = {ADE952B3-5295-446B-84C8-6D7BE271DD74}
	EndGlobalSection
EndGlobal
