
Microsoft Visual Studio Solution File, Format Version 12.00
# Visual Studio Version 16
VisualStudioVersion = 16.0.31624.102
MinimumVisualStudioVersion = 10.0.40219.1
Project("{FAE04EC0-301F-11D3-BF4B-00C04F79EFBC}") = "atividade_rad_02", "atividade_rad_02\atividade_rad_02.csproj", "{5091E613-A0F8-4B3D-84EF-0EC3E490506E}"
EndProject
Global
	GlobalSection(SolutionConfigurationPlatforms) = preSolution
		Debug|Any CPU = Debug|Any CPU
		Release|Any CPU = Release|Any CPU
	EndGlobalSection
	GlobalSection(ProjectConfigurationPlatforms) = postSolution
		{5091E613-A0F8-4B3D-84EF-0EC3E490506E}.Debug|Any CPU.ActiveCfg = Debug|Any CPU
		{5091E613-A0F8-4B3D-84EF-0EC3E490506E}.Debug|Any CPU.Build.0 = Debug|Any CPU
		{5091E613-A0F8-4B3D-84EF-0EC3E490506E}.Release|Any CPU.ActiveCfg = Release|Any CPU
		{5091E613-A0F8-4B3D-84EF-0EC3E490506E}.Release|Any CPU.Build.0 = Release|Any CPU
	EndGlobalSection
	GlobalSection(SolutionProperties) = preSolution
		HideSolutionNode = FALSE
	EndGlobalSection
	GlobalSection(ExtensibilityGlobals) = postSolution
		SolutionGuid = {74D1E6B9-F16C-4FD9-A116-B7A66C0AA648}
	EndGlobalSection
EndGlobal
