
Microsoft Visual Studio Solution File, Format Version 12.00
# Visual Studio Version 16
VisualStudioVersion = 16.0.31624.102
MinimumVisualStudioVersion = 10.0.40219.1
Project("{FAE04EC0-301F-11D3-BF4B-00C04F79EFBC}") = "atividade07_ex4", "atividade07_ex4\atividade07_ex4.csproj", "{A029B862-EF51-4E8A-B740-CD305EC8D489}"
EndProject
Global
	GlobalSection(SolutionConfigurationPlatforms) = preSolution
		Debug|Any CPU = Debug|Any CPU
		Release|Any CPU = Release|Any CPU
	EndGlobalSection
	GlobalSection(ProjectConfigurationPlatforms) = postSolution
		{A029B862-EF51-4E8A-B740-CD305EC8D489}.Debug|Any CPU.ActiveCfg = Debug|Any CPU
		{A029B862-EF51-4E8A-B740-CD305EC8D489}.Debug|Any CPU.Build.0 = Debug|Any CPU
		{A029B862-EF51-4E8A-B740-CD305EC8D489}.Release|Any CPU.ActiveCfg = Release|Any CPU
		{A029B862-EF51-4E8A-B740-CD305EC8D489}.Release|Any CPU.Build.0 = Release|Any CPU
	EndGlobalSection
	GlobalSection(SolutionProperties) = preSolution
		HideSolutionNode = FALSE
	EndGlobalSection
	GlobalSection(ExtensibilityGlobals) = postSolution
		SolutionGuid = {D1A77A36-5C8F-42EA-AD5A-DCF81CCF32D1}
	EndGlobalSection
EndGlobal
