
Microsoft Visual Studio Solution File, Format Version 12.00
# Visual Studio Version 16
VisualStudioVersion = 16.0.31624.102
MinimumVisualStudioVersion = 10.0.40219.1
Project("{FAE04EC0-301F-11D3-BF4B-00C04F79EFBC}") = "novo_teste_aula", "novo_teste_aula\novo_teste_aula.csproj", "{AB114B1B-3509-4530-ABF1-DBAC7697EC1D}"
EndProject
Global
	GlobalSection(SolutionConfigurationPlatforms) = preSolution
		Debug|Any CPU = Debug|Any CPU
		Release|Any CPU = Release|Any CPU
	EndGlobalSection
	GlobalSection(ProjectConfigurationPlatforms) = postSolution
		{AB114B1B-3509-4530-ABF1-DBAC7697EC1D}.Debug|Any CPU.ActiveCfg = Debug|Any CPU
		{AB114B1B-3509-4530-ABF1-DBAC7697EC1D}.Debug|Any CPU.Build.0 = Debug|Any CPU
		{AB114B1B-3509-4530-ABF1-DBAC7697EC1D}.Release|Any CPU.ActiveCfg = Release|Any CPU
		{AB114B1B-3509-4530-ABF1-DBAC7697EC1D}.Release|Any CPU.Build.0 = Release|Any CPU
	EndGlobalSection
	GlobalSection(SolutionProperties) = preSolution
		HideSolutionNode = FALSE
	EndGlobalSection
	GlobalSection(ExtensibilityGlobals) = postSolution
		SolutionGuid = {80EDB626-3D08-40E4-99A9-0D9D348D89B4}
	EndGlobalSection
EndGlobal
