
Microsoft Visual Studio Solution File, Format Version 12.00
# Visual Studio Version 16
VisualStudioVersion = 16.0.31624.102
MinimumVisualStudioVersion = 10.0.40219.1
Project("{FAE04EC0-301F-11D3-BF4B-00C04F79EFBC}") = "Enzo-Dante_Atividade02", "Enzo-Dante_Atividade02\Enzo-Dante_Atividade02.csproj", "{8EB85BF8-FAB8-4431-A523-6F24B53A9659}"
EndProject
Global
	GlobalSection(SolutionConfigurationPlatforms) = preSolution
		Debug|Any CPU = Debug|Any CPU
		Release|Any CPU = Release|Any CPU
	EndGlobalSection
	GlobalSection(ProjectConfigurationPlatforms) = postSolution
		{8EB85BF8-FAB8-4431-A523-6F24B53A9659}.Debug|Any CPU.ActiveCfg = Debug|Any CPU
		{8EB85BF8-FAB8-4431-A523-6F24B53A9659}.Debug|Any CPU.Build.0 = Debug|Any CPU
		{8EB85BF8-FAB8-4431-A523-6F24B53A9659}.Release|Any CPU.ActiveCfg = Release|Any CPU
		{8EB85BF8-FAB8-4431-A523-6F24B53A9659}.Release|Any CPU.Build.0 = Release|Any CPU
	EndGlobalSection
	GlobalSection(SolutionProperties) = preSolution
		HideSolutionNode = FALSE
	EndGlobalSection
	GlobalSection(ExtensibilityGlobals) = postSolution
		SolutionGuid = {D7385B69-59E6-43E0-85B6-6DFD98CA2B68}
	EndGlobalSection
EndGlobal
