
Microsoft Visual Studio Solution File, Format Version 12.00
# Visual Studio Version 16
VisualStudioVersion = 16.0.31624.102
MinimumVisualStudioVersion = 10.0.40219.1
Project("{FAE04EC0-301F-11D3-BF4B-00C04F79EFBC}") = "teste_abrir_imagem_usuario", "teste_abrir_imagem_usuario\teste_abrir_imagem_usuario.csproj", "{4D95959E-1A6D-4D6D-8A0E-7C60734A9BE1}"
EndProject
Global
	GlobalSection(SolutionConfigurationPlatforms) = preSolution
		Debug|Any CPU = Debug|Any CPU
		Release|Any CPU = Release|Any CPU
	EndGlobalSection
	GlobalSection(ProjectConfigurationPlatforms) = postSolution
		{4D95959E-1A6D-4D6D-8A0E-7C60734A9BE1}.Debug|Any CPU.ActiveCfg = Debug|Any CPU
		{4D95959E-1A6D-4D6D-8A0E-7C60734A9BE1}.Debug|Any CPU.Build.0 = Debug|Any CPU
		{4D95959E-1A6D-4D6D-8A0E-7C60734A9BE1}.Release|Any CPU.ActiveCfg = Release|Any CPU
		{4D95959E-1A6D-4D6D-8A0E-7C60734A9BE1}.Release|Any CPU.Build.0 = Release|Any CPU
	EndGlobalSection
	GlobalSection(SolutionProperties) = preSolution
		HideSolutionNode = FALSE
	EndGlobalSection
	GlobalSection(ExtensibilityGlobals) = postSolution
		SolutionGuid = {1EFF3974-A47B-496D-A625-AACFCC8B6322}
	EndGlobalSection
EndGlobal
