
Microsoft Visual Studio Solution File, Format Version 12.00
# Visual Studio Version 16
VisualStudioVersion = 16.0.31624.102
MinimumVisualStudioVersion = 10.0.40219.1
Project("{FAE04EC0-301F-11D3-BF4B-00C04F79EFBC}") = "Properties_exemp02", "Properties_exemp02\Properties_exemp02.csproj", "{7BB14B28-3375-48EC-A14C-7EDDB3AA57A9}"
EndProject
Global
	GlobalSection(SolutionConfigurationPlatforms) = preSolution
		Debug|Any CPU = Debug|Any CPU
		Release|Any CPU = Release|Any CPU
	EndGlobalSection
	GlobalSection(ProjectConfigurationPlatforms) = postSolution
		{7BB14B28-3375-48EC-A14C-7EDDB3AA57A9}.Debug|Any CPU.ActiveCfg = Debug|Any CPU
		{7BB14B28-3375-48EC-A14C-7EDDB3AA57A9}.Debug|Any CPU.Build.0 = Debug|Any CPU
		{7BB14B28-3375-48EC-A14C-7EDDB3AA57A9}.Release|Any CPU.ActiveCfg = Release|Any CPU
		{7BB14B28-3375-48EC-A14C-7EDDB3AA57A9}.Release|Any CPU.Build.0 = Release|Any CPU
	EndGlobalSection
	GlobalSection(SolutionProperties) = preSolution
		HideSolutionNode = FALSE
	EndGlobalSection
	GlobalSection(ExtensibilityGlobals) = postSolution
		SolutionGuid = {1FC3C129-7280-48BA-BF35-7297A32E4FC8}
	EndGlobalSection
EndGlobal
