
Microsoft Visual Studio Solution File, Format Version 12.00
# Visual Studio Version 16
VisualStudioVersion = 16.0.31624.102
MinimumVisualStudioVersion = 10.0.40219.1
Project("{FAE04EC0-301F-11D3-BF4B-00C04F79EFBC}") = "atividade05-ex1e2", "atividade05-ex1e2\atividade05-ex1e2.csproj", "{09A6453D-4983-4CD0-A409-EB3851E2FA52}"
EndProject
Global
	GlobalSection(SolutionConfigurationPlatforms) = preSolution
		Debug|Any CPU = Debug|Any CPU
		Release|Any CPU = Release|Any CPU
	EndGlobalSection
	GlobalSection(ProjectConfigurationPlatforms) = postSolution
		{09A6453D-4983-4CD0-A409-EB3851E2FA52}.Debug|Any CPU.ActiveCfg = Debug|Any CPU
		{09A6453D-4983-4CD0-A409-EB3851E2FA52}.Debug|Any CPU.Build.0 = Debug|Any CPU
		{09A6453D-4983-4CD0-A409-EB3851E2FA52}.Release|Any CPU.ActiveCfg = Release|Any CPU
		{09A6453D-4983-4CD0-A409-EB3851E2FA52}.Release|Any CPU.Build.0 = Release|Any CPU
	EndGlobalSection
	GlobalSection(SolutionProperties) = preSolution
		HideSolutionNode = FALSE
	EndGlobalSection
	GlobalSection(ExtensibilityGlobals) = postSolution
		SolutionGuid = {F9F0A00E-CD81-4509-9CE0-495B1A58FA4A}
	EndGlobalSection
EndGlobal
