
Microsoft Visual Studio Solution File, Format Version 12.00
# Visual Studio Version 16
VisualStudioVersion = 16.0.31624.102
MinimumVisualStudioVersion = 10.0.40219.1
Project("{FAE04EC0-301F-11D3-BF4B-00C04F79EFBC}") = "Enzo-Dante_Atividade03_ex03", "Enzo-Dante_Atividade03_ex03\Enzo-Dante_Atividade03_ex03.csproj", "{3B0E3AA7-991C-4578-BE7E-FC2F77F2E688}"
EndProject
Global
	GlobalSection(SolutionConfigurationPlatforms) = preSolution
		Debug|Any CPU = Debug|Any CPU
		Release|Any CPU = Release|Any CPU
	EndGlobalSection
	GlobalSection(ProjectConfigurationPlatforms) = postSolution
		{3B0E3AA7-991C-4578-BE7E-FC2F77F2E688}.Debug|Any CPU.ActiveCfg = Debug|Any CPU
		{3B0E3AA7-991C-4578-BE7E-FC2F77F2E688}.Debug|Any CPU.Build.0 = Debug|Any CPU
		{3B0E3AA7-991C-4578-BE7E-FC2F77F2E688}.Release|Any CPU.ActiveCfg = Release|Any CPU
		{3B0E3AA7-991C-4578-BE7E-FC2F77F2E688}.Release|Any CPU.Build.0 = Release|Any CPU
	EndGlobalSection
	GlobalSection(SolutionProperties) = preSolution
		HideSolutionNode = FALSE
	EndGlobalSection
	GlobalSection(ExtensibilityGlobals) = postSolution
		SolutionGuid = {C97B32D1-3171-40CD-95E2-3E8D568D133D}
	EndGlobalSection
EndGlobal
