
Microsoft Visual Studio Solution File, Format Version 12.00
# Visual Studio Version 16
VisualStudioVersion = 16.0.31624.102
MinimumVisualStudioVersion = 10.0.40219.1
Project("{FAE04EC0-301F-11D3-BF4B-00C04F79EFBC}") = "teste_void_na_mesma_classes", "teste_void_na_mesma_classes\teste_void_na_mesma_classes.csproj", "{35C86DC7-0116-4668-A7CC-26E22EC1ADF2}"
EndProject
Global
	GlobalSection(SolutionConfigurationPlatforms) = preSolution
		Debug|Any CPU = Debug|Any CPU
		Release|Any CPU = Release|Any CPU
	EndGlobalSection
	GlobalSection(ProjectConfigurationPlatforms) = postSolution
		{35C86DC7-0116-4668-A7CC-26E22EC1ADF2}.Debug|Any CPU.ActiveCfg = Debug|Any CPU
		{35C86DC7-0116-4668-A7CC-26E22EC1ADF2}.Debug|Any CPU.Build.0 = Debug|Any CPU
		{35C86DC7-0116-4668-A7CC-26E22EC1ADF2}.Release|Any CPU.ActiveCfg = Release|Any CPU
		{35C86DC7-0116-4668-A7CC-26E22EC1ADF2}.Release|Any CPU.Build.0 = Release|Any CPU
	EndGlobalSection
	GlobalSection(SolutionProperties) = preSolution
		HideSolutionNode = FALSE
	EndGlobalSection
	GlobalSection(ExtensibilityGlobals) = postSolution
		SolutionGuid = {CE7F9A36-73A3-4EBD-94A7-053587829455}
	EndGlobalSection
EndGlobal
