
Microsoft Visual Studio Solution File, Format Version 12.00
# Visual Studio Version 16
VisualStudioVersion = 16.0.31624.102
MinimumVisualStudioVersion = 10.0.40219.1
Project("{FAE04EC0-301F-11D3-BF4B-00C04F79EFBC}") = "testando_vetores_e_matrizes", "testando_vetores_e_matrizes\testando_vetores_e_matrizes.csproj", "{8CD8D622-D9D5-40EF-9537-48C4FF8212BE}"
EndProject
Global
	GlobalSection(SolutionConfigurationPlatforms) = preSolution
		Debug|Any CPU = Debug|Any CPU
		Release|Any CPU = Release|Any CPU
	EndGlobalSection
	GlobalSection(ProjectConfigurationPlatforms) = postSolution
		{8CD8D622-D9D5-40EF-9537-48C4FF8212BE}.Debug|Any CPU.ActiveCfg = Debug|Any CPU
		{8CD8D622-D9D5-40EF-9537-48C4FF8212BE}.Debug|Any CPU.Build.0 = Debug|Any CPU
		{8CD8D622-D9D5-40EF-9537-48C4FF8212BE}.Release|Any CPU.ActiveCfg = Release|Any CPU
		{8CD8D622-D9D5-40EF-9537-48C4FF8212BE}.Release|Any CPU.Build.0 = Release|Any CPU
	EndGlobalSection
	GlobalSection(SolutionProperties) = preSolution
		HideSolutionNode = FALSE
	EndGlobalSection
	GlobalSection(ExtensibilityGlobals) = postSolution
		SolutionGuid = {79338C92-E1D1-4473-AB60-8929047CBA15}
	EndGlobalSection
EndGlobal
