
Microsoft Visual Studio Solution File, Format Version 12.00
# Visual Studio Version 16
VisualStudioVersion = 16.0.31624.102
MinimumVisualStudioVersion = 10.0.40219.1
Project("{FAE04EC0-301F-11D3-BF4B-00C04F79EFBC}") = "atividade-rad-4_2", "atividade-rad-4_2\atividade-rad-4_2.csproj", "{1418EDD7-48BE-49FB-AA90-562C3CB2A2AB}"
EndProject
Global
	GlobalSection(SolutionConfigurationPlatforms) = preSolution
		Debug|Any CPU = Debug|Any CPU
		Release|Any CPU = Release|Any CPU
	EndGlobalSection
	GlobalSection(ProjectConfigurationPlatforms) = postSolution
		{1418EDD7-48BE-49FB-AA90-562C3CB2A2AB}.Debug|Any CPU.ActiveCfg = Debug|Any CPU
		{1418EDD7-48BE-49FB-AA90-562C3CB2A2AB}.Debug|Any CPU.Build.0 = Debug|Any CPU
		{1418EDD7-48BE-49FB-AA90-562C3CB2A2AB}.Release|Any CPU.ActiveCfg = Release|Any CPU
		{1418EDD7-48BE-49FB-AA90-562C3CB2A2AB}.Release|Any CPU.Build.0 = Release|Any CPU
	EndGlobalSection
	GlobalSection(SolutionProperties) = preSolution
		HideSolutionNode = FALSE
	EndGlobalSection
	GlobalSection(ExtensibilityGlobals) = postSolution
		SolutionGuid = {AE989657-541A-483B-9D45-8143E4E16529}
	EndGlobalSection
EndGlobal
