
Microsoft Visual Studio Solution File, Format Version 12.00
# Visual Studio Version 16
VisualStudioVersion = 16.0.31624.102
MinimumVisualStudioVersion = 10.0.40219.1
Project("{FAE04EC0-301F-11D3-BF4B-00C04F79EFBC}") = "get_set_teste01", "get_set_teste01\get_set_teste01.csproj", "{8FF0102A-358C-475D-A223-46C3750A8C6B}"
EndProject
Global
	GlobalSection(SolutionConfigurationPlatforms) = preSolution
		Debug|Any CPU = Debug|Any CPU
		Release|Any CPU = Release|Any CPU
	EndGlobalSection
	GlobalSection(ProjectConfigurationPlatforms) = postSolution
		{8FF0102A-358C-475D-A223-46C3750A8C6B}.Debug|Any CPU.ActiveCfg = Debug|Any CPU
		{8FF0102A-358C-475D-A223-46C3750A8C6B}.Debug|Any CPU.Build.0 = Debug|Any CPU
		{8FF0102A-358C-475D-A223-46C3750A8C6B}.Release|Any CPU.ActiveCfg = Release|Any CPU
		{8FF0102A-358C-475D-A223-46C3750A8C6B}.Release|Any CPU.Build.0 = Release|Any CPU
	EndGlobalSection
	GlobalSection(SolutionProperties) = preSolution
		HideSolutionNode = FALSE
	EndGlobalSection
	GlobalSection(ExtensibilityGlobals) = postSolution
		SolutionGuid = {8270014D-9642-47C0-B86A-4E04DBEBA098}
	EndGlobalSection
EndGlobal
