
Microsoft Visual Studio Solution File, Format Version 12.00
# Visual Studio Version 16
VisualStudioVersion = 16.0.31624.102
MinimumVisualStudioVersion = 10.0.40219.1
Project("{FAE04EC0-301F-11D3-BF4B-00C04F79EFBC}") = "Atividade05ex2-3ano", "Atividade05ex2-3ano\Atividade05ex2-3ano.csproj", "{1F70C0FA-F1C4-4342-839E-B953DA06E374}"
EndProject
Global
	GlobalSection(SolutionConfigurationPlatforms) = preSolution
		Debug|Any CPU = Debug|Any CPU
		Release|Any CPU = Release|Any CPU
	EndGlobalSection
	GlobalSection(ProjectConfigurationPlatforms) = postSolution
		{1F70C0FA-F1C4-4342-839E-B953DA06E374}.Debug|Any CPU.ActiveCfg = Debug|Any CPU
		{1F70C0FA-F1C4-4342-839E-B953DA06E374}.Debug|Any CPU.Build.0 = Debug|Any CPU
		{1F70C0FA-F1C4-4342-839E-B953DA06E374}.Release|Any CPU.ActiveCfg = Release|Any CPU
		{1F70C0FA-F1C4-4342-839E-B953DA06E374}.Release|Any CPU.Build.0 = Release|Any CPU
	EndGlobalSection
	GlobalSection(SolutionProperties) = preSolution
		HideSolutionNode = FALSE
	EndGlobalSection
	GlobalSection(ExtensibilityGlobals) = postSolution
		SolutionGuid = {09E87AD9-5111-48D4-B9E1-F9BEB4A5F9BA}
	EndGlobalSection
EndGlobal
