
Microsoft Visual Studio Solution File, Format Version 12.00
# Visual Studio Version 16
VisualStudioVersion = 16.0.31624.102
MinimumVisualStudioVersion = 10.0.40219.1
Project("{FAE04EC0-301F-11D3-BF4B-00C04F79EFBC}") = "Enzo-Dante_Atividade03_ex05", "Enzo-Dante_Atividade03_ex05\Enzo-Dante_Atividade03_ex05.csproj", "{8670BCE6-5764-4103-B504-478A1254E48B}"
EndProject
Global
	GlobalSection(SolutionConfigurationPlatforms) = preSolution
		Debug|Any CPU = Debug|Any CPU
		Release|Any CPU = Release|Any CPU
	EndGlobalSection
	GlobalSection(ProjectConfigurationPlatforms) = postSolution
		{8670BCE6-5764-4103-B504-478A1254E48B}.Debug|Any CPU.ActiveCfg = Debug|Any CPU
		{8670BCE6-5764-4103-B504-478A1254E48B}.Debug|Any CPU.Build.0 = Debug|Any CPU
		{8670BCE6-5764-4103-B504-478A1254E48B}.Release|Any CPU.ActiveCfg = Release|Any CPU
		{8670BCE6-5764-4103-B504-478A1254E48B}.Release|Any CPU.Build.0 = Release|Any CPU
	EndGlobalSection
	GlobalSection(SolutionProperties) = preSolution
		HideSolutionNode = FALSE
	EndGlobalSection
	GlobalSection(ExtensibilityGlobals) = postSolution
		SolutionGuid = {B38442BF-CB5E-4C92-8103-6503F6139C22}
	EndGlobalSection
EndGlobal
