
Microsoft Visual Studio Solution File, Format Version 12.00
# Visual Studio Version 16
VisualStudioVersion = 16.0.31624.102
MinimumVisualStudioVersion = 10.0.40219.1
Project("{FAE04EC0-301F-11D3-BF4B-00C04F79EFBC}") = "atividade07_ex5", "atividade07_ex5\atividade07_ex5.csproj", "{3616DC03-B969-496C-A164-ECC640507516}"
EndProject
Global
	GlobalSection(SolutionConfigurationPlatforms) = preSolution
		Debug|Any CPU = Debug|Any CPU
		Release|Any CPU = Release|Any CPU
	EndGlobalSection
	GlobalSection(ProjectConfigurationPlatforms) = postSolution
		{3616DC03-B969-496C-A164-ECC640507516}.Debug|Any CPU.ActiveCfg = Debug|Any CPU
		{3616DC03-B969-496C-A164-ECC640507516}.Debug|Any CPU.Build.0 = Debug|Any CPU
		{3616DC03-B969-496C-A164-ECC640507516}.Release|Any CPU.ActiveCfg = Release|Any CPU
		{3616DC03-B969-496C-A164-ECC640507516}.Release|Any CPU.Build.0 = Release|Any CPU
	EndGlobalSection
	GlobalSection(SolutionProperties) = preSolution
		HideSolutionNode = FALSE
	EndGlobalSection
	GlobalSection(ExtensibilityGlobals) = postSolution
		SolutionGuid = {96D734F4-3146-4F9D-A426-149B120C656E}
	EndGlobalSection
EndGlobal
