
Microsoft Visual Studio Solution File, Format Version 12.00
# Visual Studio Version 16
VisualStudioVersion = 16.0.31624.102
MinimumVisualStudioVersion = 10.0.40219.1
Project("{FAE04EC0-301F-11D3-BF4B-00C04F79EFBC}") = "Constructor_Parameterized", "Constructor_Parameterized\Constructor_Parameterized.csproj", "{386A850A-DEA1-4847-BC40-9F5B80754EA8}"
EndProject
Global
	GlobalSection(SolutionConfigurationPlatforms) = preSolution
		Debug|Any CPU = Debug|Any CPU
		Release|Any CPU = Release|Any CPU
	EndGlobalSection
	GlobalSection(ProjectConfigurationPlatforms) = postSolution
		{386A850A-DEA1-4847-BC40-9F5B80754EA8}.Debug|Any CPU.ActiveCfg = Debug|Any CPU
		{386A850A-DEA1-4847-BC40-9F5B80754EA8}.Debug|Any CPU.Build.0 = Debug|Any CPU
		{386A850A-DEA1-4847-BC40-9F5B80754EA8}.Release|Any CPU.ActiveCfg = Release|Any CPU
		{386A850A-DEA1-4847-BC40-9F5B80754EA8}.Release|Any CPU.Build.0 = Release|Any CPU
	EndGlobalSection
	GlobalSection(SolutionProperties) = preSolution
		HideSolutionNode = FALSE
	EndGlobalSection
	GlobalSection(ExtensibilityGlobals) = postSolution
		SolutionGuid = {5B5584B8-9461-4F82-9EA8-9EF19E828E25}
	EndGlobalSection
EndGlobal
