
Microsoft Visual Studio Solution File, Format Version 12.00
# Visual Studio Version 16
VisualStudioVersion = 16.0.31624.102
MinimumVisualStudioVersion = 10.0.40219.1
Project("{FAE04EC0-301F-11D3-BF4B-00C04F79EFBC}") = "calculadora_com_class_procedimento", "calculadora_com_class_procedimento\calculadora_com_class_procedimento.csproj", "{72AE3231-9E38-496A-B49D-57CE712FCEC1}"
EndProject
Global
	GlobalSection(SolutionConfigurationPlatforms) = preSolution
		Debug|Any CPU = Debug|Any CPU
		Release|Any CPU = Release|Any CPU
	EndGlobalSection
	GlobalSection(ProjectConfigurationPlatforms) = postSolution
		{72AE3231-9E38-496A-B49D-57CE712FCEC1}.Debug|Any CPU.ActiveCfg = Debug|Any CPU
		{72AE3231-9E38-496A-B49D-57CE712FCEC1}.Debug|Any CPU.Build.0 = Debug|Any CPU
		{72AE3231-9E38-496A-B49D-57CE712FCEC1}.Release|Any CPU.ActiveCfg = Release|Any CPU
		{72AE3231-9E38-496A-B49D-57CE712FCEC1}.Release|Any CPU.Build.0 = Release|Any CPU
	EndGlobalSection
	GlobalSection(SolutionProperties) = preSolution
		HideSolutionNode = FALSE
	EndGlobalSection
	GlobalSection(ExtensibilityGlobals) = postSolution
		SolutionGuid = {D17BE1DB-ABD1-4325-9100-B57AAE8CA58B}
	EndGlobalSection
EndGlobal
