
Microsoft Visual Studio Solution File, Format Version 12.00
# Visual Studio Version 16
VisualStudioVersion = 16.0.31624.102
MinimumVisualStudioVersion = 10.0.40219.1
Project("{FAE04EC0-301F-11D3-BF4B-00C04F79EFBC}") = "Tutorial_para_todos", "Tutorial_para_todos\Tutorial_para_todos.csproj", "{B58FF709-21C3-4D7D-B279-E10598FCF89D}"
EndProject
Global
	GlobalSection(SolutionConfigurationPlatforms) = preSolution
		Debug|Any CPU = Debug|Any CPU
		Release|Any CPU = Release|Any CPU
	EndGlobalSection
	GlobalSection(ProjectConfigurationPlatforms) = postSolution
		{B58FF709-21C3-4D7D-B279-E10598FCF89D}.Debug|Any CPU.ActiveCfg = Debug|Any CPU
		{B58FF709-21C3-4D7D-B279-E10598FCF89D}.Debug|Any CPU.Build.0 = Debug|Any CPU
		{B58FF709-21C3-4D7D-B279-E10598FCF89D}.Release|Any CPU.ActiveCfg = Release|Any CPU
		{B58FF709-21C3-4D7D-B279-E10598FCF89D}.Release|Any CPU.Build.0 = Release|Any CPU
	EndGlobalSection
	GlobalSection(SolutionProperties) = preSolution
		HideSolutionNode = FALSE
	EndGlobalSection
	GlobalSection(ExtensibilityGlobals) = postSolution
		SolutionGuid = {FB41ECD7-04FF-40C1-9863-2458852CA352}
	EndGlobalSection
EndGlobal
