
Microsoft Visual Studio Solution File, Format Version 12.00
# Visual Studio Version 16
VisualStudioVersion = 16.0.31624.102
MinimumVisualStudioVersion = 10.0.40219.1
Project("{FAE04EC0-301F-11D3-BF4B-00C04F79EFBC}") = "teste_variavel_global", "teste_variavel_global\teste_variavel_global.csproj", "{29227EF7-FDF1-4F09-9A46-7F1454CB88B9}"
EndProject
Global
	GlobalSection(SolutionConfigurationPlatforms) = preSolution
		Debug|Any CPU = Debug|Any CPU
		Release|Any CPU = Release|Any CPU
	EndGlobalSection
	GlobalSection(ProjectConfigurationPlatforms) = postSolution
		{29227EF7-FDF1-4F09-9A46-7F1454CB88B9}.Debug|Any CPU.ActiveCfg = Debug|Any CPU
		{29227EF7-FDF1-4F09-9A46-7F1454CB88B9}.Debug|Any CPU.Build.0 = Debug|Any CPU
		{29227EF7-FDF1-4F09-9A46-7F1454CB88B9}.Release|Any CPU.ActiveCfg = Release|Any CPU
		{29227EF7-FDF1-4F09-9A46-7F1454CB88B9}.Release|Any CPU.Build.0 = Release|Any CPU
	EndGlobalSection
	GlobalSection(SolutionProperties) = preSolution
		HideSolutionNode = FALSE
	EndGlobalSection
	GlobalSection(ExtensibilityGlobals) = postSolution
		SolutionGuid = {DE3EF922-0B96-469A-B629-20D972411E2F}
	EndGlobalSection
EndGlobal
